
Microsoft Visual Studio Solution File, Format Version 12.00
# Visual Studio Version 17
VisualStudioVersion = 17.7.34024.191
MinimumVisualStudioVersion = 10.0.40219.1
Project("{FAE04EC0-301F-11D3-BF4B-00C04F79EFBC}") = "ProdutosApiNetCore", "ProdutosApiNetCore\ProdutosApiNetCore.csproj", "{7E0206A7-AD87-473B-9A65-671DF5B5FDC7}"
EndProject
Global
	GlobalSection(SolutionConfigurationPlatforms) = preSolution
		Debug|Any CPU = Debug|Any CPU
		Release|Any CPU = Release|Any CPU
	EndGlobalSection
	GlobalSection(ProjectConfigurationPlatforms) = postSolution
		{7E0206A7-AD87-473B-9A65-671DF5B5FDC7}.Debug|Any CPU.ActiveCfg = Debug|Any CPU
		{7E0206A7-AD87-473B-9A65-671DF5B5FDC7}.Debug|Any CPU.Build.0 = Debug|Any CPU
		{7E0206A7-AD87-473B-9A65-671DF5B5FDC7}.Release|Any CPU.ActiveCfg = Release|Any CPU
		{7E0206A7-AD87-473B-9A65-671DF5B5FDC7}.Release|Any CPU.Build.0 = Release|Any CPU
	EndGlobalSection
	GlobalSection(SolutionProperties) = preSolution
		HideSolutionNode = FALSE
	EndGlobalSection
	GlobalSection(ExtensibilityGlobals) = postSolution
		SolutionGuid = {891C7EE6-7B3C-4A89-813F-1724F4D28A40}
	EndGlobalSection
EndGlobal
